
Microsoft Visual Studio Solution File, Format Version 12.00
# Visual Studio Version 17
VisualStudioVersion = 17.13.35913.81 d17.13
MinimumVisualStudioVersion = 10.0.40219.1
Project("{FAE04EC0-301F-11D3-BF4B-00C04F79EFBC}") = "WCFZene", "WCFZene\WCFZene.csproj", "{40219D1F-4906-4E4F-A289-A3E5279D9037}"
EndProject
Global
	GlobalSection(SolutionConfigurationPlatforms) = preSolution
		Debug|Any CPU = Debug|Any CPU
		Release|Any CPU = Release|Any CPU
	EndGlobalSection
	GlobalSection(ProjectConfigurationPlatforms) = postSolution
		{40219D1F-4906-4E4F-A289-A3E5279D9037}.Debug|Any CPU.ActiveCfg = Debug|Any CPU
		{40219D1F-4906-4E4F-A289-A3E5279D9037}.Debug|Any CPU.Build.0 = Debug|Any CPU
		{40219D1F-4906-4E4F-A289-A3E5279D9037}.Release|Any CPU.ActiveCfg = Release|Any CPU
		{40219D1F-4906-4E4F-A289-A3E5279D9037}.Release|Any CPU.Build.0 = Release|Any CPU
	EndGlobalSection
	GlobalSection(SolutionProperties) = preSolution
		HideSolutionNode = FALSE
	EndGlobalSection
	GlobalSection(ExtensibilityGlobals) = postSolution
		SolutionGuid = {BBFF38D4-AFE1-4F95-9BF7-D4C251D442A2}
	EndGlobalSection
EndGlobal
